
Microsoft Visual Studio Solution File, Format Version 12.00
Project("{FAE04EC0-301F-11D3-BF4B-00C04F79EFBC}") = "intro", "intro.csproj", "{5C925BB9-F255-42F9-B6CE-0E5B280D74DC}"
EndProject
Global
	GlobalSection(SolutionConfigurationPlatforms) = preSolution
		Debug|Any CPU = Debug|Any CPU
		Release|Any CPU = Release|Any CPU
	EndGlobalSection
	GlobalSection(ProjectConfigurationPlatforms) = postSolution
		{5C925BB9-F255-42F9-B6CE-0E5B280D74DC}.Debug|Any CPU.ActiveCfg = Debug|Any CPU
		{5C925BB9-F255-42F9-B6CE-0E5B280D74DC}.Debug|Any CPU.Build.0 = Debug|Any CPU
		{5C925BB9-F255-42F9-B6CE-0E5B280D74DC}.Release|Any CPU.ActiveCfg = Release|Any CPU
		{5C925BB9-F255-42F9-B6CE-0E5B280D74DC}.Release|Any CPU.Build.0 = Release|Any CPU
	EndGlobalSection
EndGlobal
